
Microsoft Visual Studio Solution File, Format Version 12.00
# Visual Studio 15
VisualStudioVersion = 15.0.28307.329
MinimumVisualStudioVersion = 10.0.40219.1
Project("{FAE04EC0-301F-11D3-BF4B-00C04F79EFBC}") = "AlienGUIPrototype", "AlienGUIPrototype\AlienGUIPrototype.csproj", "{74E152FC-1F70-4EAA-8FCF-AE90CBEBE70A}"
EndProject
Global
	GlobalSection(SolutionConfigurationPlatforms) = preSolution
		Debug|Any CPU = Debug|Any CPU
		Release|Any CPU = Release|Any CPU
	EndGlobalSection
	GlobalSection(ProjectConfigurationPlatforms) = postSolution
		{74E152FC-1F70-4EAA-8FCF-AE90CBEBE70A}.Debug|Any CPU.ActiveCfg = Debug|Any CPU
		{74E152FC-1F70-4EAA-8FCF-AE90CBEBE70A}.Debug|Any CPU.Build.0 = Debug|Any CPU
		{74E152FC-1F70-4EAA-8FCF-AE90CBEBE70A}.Release|Any CPU.ActiveCfg = Release|Any CPU
		{74E152FC-1F70-4EAA-8FCF-AE90CBEBE70A}.Release|Any CPU.Build.0 = Release|Any CPU
	EndGlobalSection
	GlobalSection(SolutionProperties) = preSolution
		HideSolutionNode = FALSE
	EndGlobalSection
	GlobalSection(ExtensibilityGlobals) = postSolution
		SolutionGuid = {D6C8AA69-0F75-47ED-B160-1452901A2E0F}
	EndGlobalSection
EndGlobal
